
Microsoft Visual Studio Solution File, Format Version 12.00
# Visual Studio Version 16
VisualStudioVersion = 16.0.30114.105
MinimumVisualStudioVersion = 10.0.40219.1
Project("{FAE04EC0-301F-11D3-BF4B-00C04F79EFBC}") = "EZNEW.Mapper.Convention", "EZNEW.Mapper.Convention\EZNEW.Mapper.Convention.csproj", "{4B2BE07A-5359-4C27-9ED6-7A93371C4107}"
EndProject
Global
	GlobalSection(SolutionConfigurationPlatforms) = preSolution
		Debug|Any CPU = Debug|Any CPU
		Release|Any CPU = Release|Any CPU
	EndGlobalSection
	GlobalSection(ProjectConfigurationPlatforms) = postSolution
		{4B2BE07A-5359-4C27-9ED6-7A93371C4107}.Debug|Any CPU.ActiveCfg = Debug|Any CPU
		{4B2BE07A-5359-4C27-9ED6-7A93371C4107}.Debug|Any CPU.Build.0 = Debug|Any CPU
		{4B2BE07A-5359-4C27-9ED6-7A93371C4107}.Release|Any CPU.ActiveCfg = Release|Any CPU
		{4B2BE07A-5359-4C27-9ED6-7A93371C4107}.Release|Any CPU.Build.0 = Release|Any CPU
	EndGlobalSection
	GlobalSection(SolutionProperties) = preSolution
		HideSolutionNode = FALSE
	EndGlobalSection
	GlobalSection(ExtensibilityGlobals) = postSolution
		SolutionGuid = {205E0EBA-0B69-4841-9254-E1249518094E}
	EndGlobalSection
EndGlobal
